
Microsoft Visual Studio Solution File, Format Version 12.00
# Visual Studio Version 17
VisualStudioVersion = 17.0.31903.59
MinimumVisualStudioVersion = 10.0.40219.1
Project("{FAE04EC0-301F-11D3-BF4B-00C04F79EFBC}") = "YyyoinkApi.Contracts", "YyyoinkApi.Contracts\YyyoinkApi.Contracts.csproj", "{FEC2E7B6-C8FF-4FFD-8341-A4D5594AC631}"
EndProject
Project("{FAE04EC0-301F-11D3-BF4B-00C04F79EFBC}") = "YyyoinkApi", "YyyoinkApi\YyyoinkApi.csproj", "{AAD29D1C-54C4-415F-8EAA-C56E30536FDF}"
EndProject
Global
	GlobalSection(SolutionConfigurationPlatforms) = preSolution
		Debug|Any CPU = Debug|Any CPU
		Debug|x64 = Debug|x64
		Debug|x86 = Debug|x86
		Release|Any CPU = Release|Any CPU
		Release|x64 = Release|x64
		Release|x86 = Release|x86
	EndGlobalSection
	GlobalSection(ProjectConfigurationPlatforms) = postSolution
		{FEC2E7B6-C8FF-4FFD-8341-A4D5594AC631}.Debug|Any CPU.ActiveCfg = Debug|Any CPU
		{FEC2E7B6-C8FF-4FFD-8341-A4D5594AC631}.Debug|Any CPU.Build.0 = Debug|Any CPU
		{FEC2E7B6-C8FF-4FFD-8341-A4D5594AC631}.Debug|x64.ActiveCfg = Debug|Any CPU
		{FEC2E7B6-C8FF-4FFD-8341-A4D5594AC631}.Debug|x64.Build.0 = Debug|Any CPU
		{FEC2E7B6-C8FF-4FFD-8341-A4D5594AC631}.Debug|x86.ActiveCfg = Debug|Any CPU
		{FEC2E7B6-C8FF-4FFD-8341-A4D5594AC631}.Debug|x86.Build.0 = Debug|Any CPU
		{FEC2E7B6-C8FF-4FFD-8341-A4D5594AC631}.Release|Any CPU.ActiveCfg = Release|Any CPU
		{FEC2E7B6-C8FF-4FFD-8341-A4D5594AC631}.Release|Any CPU.Build.0 = Release|Any CPU
		{FEC2E7B6-C8FF-4FFD-8341-A4D5594AC631}.Release|x64.ActiveCfg = Release|Any CPU
		{FEC2E7B6-C8FF-4FFD-8341-A4D5594AC631}.Release|x64.Build.0 = Release|Any CPU
		{FEC2E7B6-C8FF-4FFD-8341-A4D5594AC631}.Release|x86.ActiveCfg = Release|Any CPU
		{FEC2E7B6-C8FF-4FFD-8341-A4D5594AC631}.Release|x86.Build.0 = Release|Any CPU
		{AAD29D1C-54C4-415F-8EAA-C56E30536FDF}.Debug|Any CPU.ActiveCfg = Debug|Any CPU
		{AAD29D1C-54C4-415F-8EAA-C56E30536FDF}.Debug|Any CPU.Build.0 = Debug|Any CPU
		{AAD29D1C-54C4-415F-8EAA-C56E30536FDF}.Debug|x64.ActiveCfg = Debug|Any CPU
		{AAD29D1C-54C4-415F-8EAA-C56E30536FDF}.Debug|x64.Build.0 = Debug|Any CPU
		{AAD29D1C-54C4-415F-8EAA-C56E30536FDF}.Debug|x86.ActiveCfg = Debug|Any CPU
		{AAD29D1C-54C4-415F-8EAA-C56E30536FDF}.Debug|x86.Build.0 = Debug|Any CPU
		{AAD29D1C-54C4-415F-8EAA-C56E30536FDF}.Release|Any CPU.ActiveCfg = Release|Any CPU
		{AAD29D1C-54C4-415F-8EAA-C56E30536FDF}.Release|Any CPU.Build.0 = Release|Any CPU
		{AAD29D1C-54C4-415F-8EAA-C56E30536FDF}.Release|x64.ActiveCfg = Release|Any CPU
		{AAD29D1C-54C4-415F-8EAA-C56E30536FDF}.Release|x64.Build.0 = Release|Any CPU
		{AAD29D1C-54C4-415F-8EAA-C56E30536FDF}.Release|x86.ActiveCfg = Release|Any CPU
		{AAD29D1C-54C4-415F-8EAA-C56E30536FDF}.Release|x86.Build.0 = Release|Any CPU
	EndGlobalSection
	GlobalSection(SolutionProperties) = preSolution
		HideSolutionNode = FALSE
	EndGlobalSection
EndGlobal
